
Microsoft Visual Studio Solution File, Format Version 12.00
# Visual Studio Version 16
VisualStudioVersion = 16.0.32228.343
MinimumVisualStudioVersion = 10.0.40219.1
Project("{FAE04EC0-301F-11D3-BF4B-00C04F79EFBC}") = "SnakeBiteLadderGame", "SnakeBiteLadderGame\SnakeBiteLadderGame.csproj", "{755F696D-0F0F-4774-837B-A4D84F0CE6D2}"
EndProject
Global
	GlobalSection(SolutionConfigurationPlatforms) = preSolution
		Debug|Any CPU = Debug|Any CPU
		Release|Any CPU = Release|Any CPU
	EndGlobalSection
	GlobalSection(ProjectConfigurationPlatforms) = postSolution
		{755F696D-0F0F-4774-837B-A4D84F0CE6D2}.Debug|Any CPU.ActiveCfg = Debug|Any CPU
		{755F696D-0F0F-4774-837B-A4D84F0CE6D2}.Debug|Any CPU.Build.0 = Debug|Any CPU
		{755F696D-0F0F-4774-837B-A4D84F0CE6D2}.Release|Any CPU.ActiveCfg = Release|Any CPU
		{755F696D-0F0F-4774-837B-A4D84F0CE6D2}.Release|Any CPU.Build.0 = Release|Any CPU
	EndGlobalSection
	GlobalSection(SolutionProperties) = preSolution
		HideSolutionNode = FALSE
	EndGlobalSection
	GlobalSection(ExtensibilityGlobals) = postSolution
		SolutionGuid = {1970B49D-9751-47D2-A3A9-AF286882E694}
	EndGlobalSection
EndGlobal
